
Microsoft Visual Studio Solution File, Format Version 12.00
# Visual Studio 15
VisualStudioVersion = 15.0.26730.15
MinimumVisualStudioVersion = 10.0.40219.1
Project("{FAE04EC0-301F-11D3-BF4B-00C04F79EFBC}") = "vehicleApp", "vehicleApp\vehicleApp.csproj", "{3D59E51A-0039-4A00-9100-71422DB06CE2}"
EndProject
Project("{FAE04EC0-301F-11D3-BF4B-00C04F79EFBC}") = "UnitTestVehicleApp", "UnitTestVehicleApp\UnitTestVehicleApp.csproj", "{40C044B6-EE2E-4BFE-A5E4-17E459647DD3}"
EndProject
Global
	GlobalSection(SolutionConfigurationPlatforms) = preSolution
		Debug|Any CPU = Debug|Any CPU
		Release|Any CPU = Release|Any CPU
	EndGlobalSection
	GlobalSection(ProjectConfigurationPlatforms) = postSolution
		{3D59E51A-0039-4A00-9100-71422DB06CE2}.Debug|Any CPU.ActiveCfg = Debug|Any CPU
		{3D59E51A-0039-4A00-9100-71422DB06CE2}.Debug|Any CPU.Build.0 = Debug|Any CPU
		{3D59E51A-0039-4A00-9100-71422DB06CE2}.Release|Any CPU.ActiveCfg = Release|Any CPU
		{3D59E51A-0039-4A00-9100-71422DB06CE2}.Release|Any CPU.Build.0 = Release|Any CPU
		{40C044B6-EE2E-4BFE-A5E4-17E459647DD3}.Debug|Any CPU.ActiveCfg = Debug|Any CPU
		{40C044B6-EE2E-4BFE-A5E4-17E459647DD3}.Debug|Any CPU.Build.0 = Debug|Any CPU
		{40C044B6-EE2E-4BFE-A5E4-17E459647DD3}.Release|Any CPU.ActiveCfg = Release|Any CPU
		{40C044B6-EE2E-4BFE-A5E4-17E459647DD3}.Release|Any CPU.Build.0 = Release|Any CPU
	EndGlobalSection
	GlobalSection(SolutionProperties) = preSolution
		HideSolutionNode = FALSE
	EndGlobalSection
	GlobalSection(ExtensibilityGlobals) = postSolution
		SolutionGuid = {CE77ED47-749A-4254-B9F0-FB07D25D66E0}
	EndGlobalSection
EndGlobal
